dependencies:
- name: rabbitmq
  repository: https://charts.bitnami.com/bitnami
  version: 11.16.2
- name: minio
  repository: https://charts.bitnami.com/bitnami
  version: 12.13.2
- name: redis
  repository: https://charts.bitnami.com/bitnami
  version: 17.17.1
digest: sha256:6c77b6346d9a2f247989ff6608665a3754ae7d887fdf02c4541ca6925b67e760
generated: "2024-02-05T15:23:38.9652731-06:00"
