dependencies:
- name: rabbitmq
  repository: https://charts.bitnami.com/bitnami
  version: 11.7.1
- name: minio
  repository: https://charts.bitnami.com/bitnami
  version: 12.13.2
- name: redis
  repository: https://charts.bitnami.com/bitnami
  version: 17.17.1
digest: sha256:47021412bb68ec4748d30855826ee900c8c2bf3c8ed44d62a0cfe7b5043d3d30
generated: "2024-02-06T13:13:11.4918167-06:00"
